{
    "_meta": {
        "hash": {
            "sha256": "0a6565b077a3a8d472832b38ce32154213a4b143d7d9a767f90ee451720636b5"
        },
        "pipfile-spec": 6,
        "requires": {
            "python_full_version": "3.13.2",
            "python_version": "3.13"
        },
        "sources": [
            {
                "name": "pypi",
                "url": "https://pypi.org/simple",
                "verify_ssl": true
            }
        ]
    },
    "default": {},
    "develop": {}
}
